
Microsoft Visual Studio Solution File, Format Version 12.00
# Visual Studio 14
VisualStudioVersion = 14.0.23107.0
MinimumVisualStudioVersion = 10.0.40219.1
Project("{FAE04EC0-301F-11D3-BF4B-00C04F79EFBC}") = "WindowsFormsApplication1", "WindowsFormsApplication1\WindowsFormsApplication1.csproj", "{987A718A-B1E3-412B-AB9A-F43ADFA78261}"
EndProject
Project("{FAE04EC0-301F-11D3-BF4B-00C04F79EFBC}") = "CharTb", "NumTb\CharTb.csproj", "{954829A9-FE6F-4F25-B882-F39AEE35217F}"
EndProject
Project("{FAE04EC0-301F-11D3-BF4B-00C04F79EFBC}") = "WindowsFormsControlLibrary1", "WindowsFormsControlLibrary1\WindowsFormsControlLibrary1.csproj", "{6091FBD4-B741-42D8-92CA-53A1AE16F249}"
EndProject
Global
	GlobalSection(SolutionConfigurationPlatforms) = preSolution
		Debug|Any CPU = Debug|Any CPU
		Release|Any CPU = Release|Any CPU
	EndGlobalSection
	GlobalSection(ProjectConfigurationPlatforms) = postSolution
		{987A718A-B1E3-412B-AB9A-F43ADFA78261}.Debug|Any CPU.ActiveCfg = Debug|Any CPU
		{987A718A-B1E3-412B-AB9A-F43ADFA78261}.Debug|Any CPU.Build.0 = Debug|Any CPU
		{987A718A-B1E3-412B-AB9A-F43ADFA78261}.Release|Any CPU.ActiveCfg = Release|Any CPU
		{987A718A-B1E3-412B-AB9A-F43ADFA78261}.Release|Any CPU.Build.0 = Release|Any CPU
		{954829A9-FE6F-4F25-B882-F39AEE35217F}.Debug|Any CPU.ActiveCfg = Debug|Any CPU
		{954829A9-FE6F-4F25-B882-F39AEE35217F}.Debug|Any CPU.Build.0 = Debug|Any CPU
		{954829A9-FE6F-4F25-B882-F39AEE35217F}.Release|Any CPU.ActiveCfg = Release|Any CPU
		{954829A9-FE6F-4F25-B882-F39AEE35217F}.Release|Any CPU.Build.0 = Release|Any CPU
		{6091FBD4-B741-42D8-92CA-53A1AE16F249}.Debug|Any CPU.ActiveCfg = Debug|Any CPU
		{6091FBD4-B741-42D8-92CA-53A1AE16F249}.Debug|Any CPU.Build.0 = Debug|Any CPU
		{6091FBD4-B741-42D8-92CA-53A1AE16F249}.Release|Any CPU.ActiveCfg = Release|Any CPU
		{6091FBD4-B741-42D8-92CA-53A1AE16F249}.Release|Any CPU.Build.0 = Release|Any CPU
	EndGlobalSection
	GlobalSection(SolutionProperties) = preSolution
		HideSolutionNode = FALSE
	EndGlobalSection
EndGlobal
